// !$*UTF8*$!
{
	archiveVersion = 1;
	classes = {
	};
	objectVersion = 55;
	objects = {

/* Begin PBXBuildFile section */
		090B5B0828A2997E00E7190E /* MainPresenter.swift in Sources */ = {isa = PBXBuildFile; fileRef = 090B5B0728A2997E00E7190E /* MainPresenter.swift */; };
		090B5B0B28A2A5E500E7190E /* ModuleBuilder.swift in Sources */ = {isa = PBXBuildFile; fileRef = 090B5B0A28A2A5E500E7190E /* ModuleBuilder.swift */; };
		090B5B0F28A2B13900E7190E /* DetailPresenter.swift in Sources */ = {isa = PBXBuildFile; fileRef = 090B5B0E28A2B13900E7190E /* DetailPresenter.swift */; };
		090B5B1428A2C19500E7190E /* SearchPresenter.swift in Sources */ = {isa = PBXBuildFile; fileRef = 090B5B1328A2C19500E7190E /* SearchPresenter.swift */; };
		090D8E5F28AF711A00701EA9 /* FloatingTextField.swift in Sources */ = {isa = PBXBuildFile; fileRef = 090D8E5E28AF711A00701EA9 /* FloatingTextField.swift */; };
		090D8E6228AF716F00701EA9 /* LoginTableViewCell.swift in Sources */ = {isa = PBXBuildFile; fileRef = 090D8E6028AF716F00701EA9 /* LoginTableViewCell.swift */; };
		090D8E6328AF716F00701EA9 /* LoginTableViewCell.xib in Resources */ = {isa = PBXBuildFile; fileRef = 090D8E6128AF716F00701EA9 /* LoginTableViewCell.xib */; };
		090D8E6628AF89AF00701EA9 /* PasswordTableViewCell.swift in Sources */ = {isa = PBXBuildFile; fileRef = 090D8E6428AF89AF00701EA9 /* PasswordTableViewCell.swift */; };
		090D8E6728AF89AF00701EA9 /* PasswordTableViewCell.xib in Resources */ = {isa = PBXBuildFile; fileRef = 090D8E6528AF89AF00701EA9 /* PasswordTableViewCell.xib */; };
		090D8E6928AFB16400701EA9 /* LoadingButtonDelegate.swift in Sources */ = {isa = PBXBuildFile; fileRef = 090D8E6828AFB16400701EA9 /* LoadingButtonDelegate.swift */; };
		090D8E6B28AFDF6900701EA9 /* AuthViewProtocol.swift in Sources */ = {isa = PBXBuildFile; fileRef = 090D8E6A28AFDF6900701EA9 /* AuthViewProtocol.swift */; };
		090D8E6D28AFE22600701EA9 /* Validator.swift in Sources */ = {isa = PBXBuildFile; fileRef = 090D8E6C28AFE22600701EA9 /* Validator.swift */; };
		090D8E7028B0084800701EA9 /* LoadingButton.swift in Sources */ = {isa = PBXBuildFile; fileRef = 090D8E6F28B0084800701EA9 /* LoadingButton.swift */; };
		090D8E7228B0204F00701EA9 /* Coordinator.swift in Sources */ = {isa = PBXBuildFile; fileRef = 090D8E7128B0204F00701EA9 /* Coordinator.swift */; };
		090E47AC289CFFFE00B7C173 /* .gitignore in Resources */ = {isa = PBXBuildFile; fileRef = 090E47AB289CFFFE00B7C173 /* .gitignore */; };
		090E47B0289D01C700B7C173 /* SearchViewController.swift in Sources */ = {isa = PBXBuildFile; fileRef = 090E47AE289D01C700B7C173 /* SearchViewController.swift */; };
		090E47B1289D01C700B7C173 /* SearchViewController.xib in Resources */ = {isa = PBXBuildFile; fileRef = 090E47AF289D01C700B7C173 /* SearchViewController.xib */; };
		090FEBA828B21D3B00E527FB /* ProfileViewPresenterProtocol.swift in Sources */ = {isa = PBXBuildFile; fileRef = 090FEBA728B21D3B00E527FB /* ProfileViewPresenterProtocol.swift */; };
		090FEBAA28B21E1800E527FB /* ProfileViewProtocol.swift in Sources */ = {isa = PBXBuildFile; fileRef = 090FEBA928B21E1800E527FB /* ProfileViewProtocol.swift */; };
		090FEBAC28B222DB00E527FB /* ProfilePresenter.swift in Sources */ = {isa = PBXBuildFile; fileRef = 090FEBAB28B222DB00E527FB /* ProfilePresenter.swift */; };
		090FEBB028B22C6600E527FB /* HeaderTableViewCell.swift in Sources */ = {isa = PBXBuildFile; fileRef = 090FEBAE28B22C6600E527FB /* HeaderTableViewCell.swift */; };
		090FEBB128B22C6600E527FB /* HeaderTableViewCell.xib in Resources */ = {isa = PBXBuildFile; fileRef = 090FEBAF28B22C6600E527FB /* HeaderTableViewCell.xib */; };
		090FEBB528B23C4700E527FB /* UserDetailTableViewCell.swift in Sources */ = {isa = PBXBuildFile; fileRef = 090FEBB328B23C4700E527FB /* UserDetailTableViewCell.swift */; };
		090FEBB628B23C4700E527FB /* UserDetailTableViewCell.xib in Resources */ = {isa = PBXBuildFile; fileRef = 090FEBB428B23C4700E527FB /* UserDetailTableViewCell.xib */; };
		09192B9628B1290100538D4B /* UserCredentials.swift in Sources */ = {isa = PBXBuildFile; fileRef = 09192B9528B1290100538D4B /* UserCredentials.swift */; };
		09192B9828B12D2400538D4B /* UserCredentialsManager.swift in Sources */ = {isa = PBXBuildFile; fileRef = 09192B9728B12D2400538D4B /* UserCredentialsManager.swift */; };
		09192B9C28B1520200538D4B /* Users.xcdatamodeld in Sources */ = {isa = PBXBuildFile; fileRef = 09192B9A28B1520200538D4B /* Users.xcdatamodeld */; };
		09192B9F28B1538C00538D4B /* CoreDataManager.swift in Sources */ = {isa = PBXBuildFile; fileRef = 09192B9E28B1538C00538D4B /* CoreDataManager.swift */; };
		092819C128AE6C6A00DB56DE /* AuthViewController.swift in Sources */ = {isa = PBXBuildFile; fileRef = 092819BF28AE6C6A00DB56DE /* AuthViewController.swift */; };
		092819C228AE6C6A00DB56DE /* AuthViewController.xib in Resources */ = {isa = PBXBuildFile; fileRef = 092819C028AE6C6A00DB56DE /* AuthViewController.xib */; };
		092819C728AE72F500DB56DE /* UserInfoModel.swift in Sources */ = {isa = PBXBuildFile; fileRef = 092819C628AE72F500DB56DE /* UserInfoModel.swift */; };
		092819CA28AE750600DB56DE /* AuthPresenter.swift in Sources */ = {isa = PBXBuildFile; fileRef = 092819C928AE750600DB56DE /* AuthPresenter.swift */; };
		092819CD28AE80FD00DB56DE /* AuthViewPresenterProtocol.swift in Sources */ = {isa = PBXBuildFile; fileRef = 092819CC28AE80FD00DB56DE /* AuthViewPresenterProtocol.swift */; };
		092819E028AEB66A00DB56DE /* ButtonTableViewCell.swift in Sources */ = {isa = PBXBuildFile; fileRef = 092819DE28AEB66A00DB56DE /* ButtonTableViewCell.swift */; };
		092819E128AEB66A00DB56DE /* ButtonTableViewCell.xib in Resources */ = {isa = PBXBuildFile; fileRef = 092819DF28AEB66A00DB56DE /* ButtonTableViewCell.xib */; };
		094FBB3628AD7564003DACC0 /* ErrorStateAlert.swift in Sources */ = {isa = PBXBuildFile; fileRef = 094FBB3528AD7564003DACC0 /* ErrorStateAlert.swift */; };
		094FBB3828AD82E4003DACC0 /* UIViewController.swift in Sources */ = {isa = PBXBuildFile; fileRef = 094FBB3728AD82E4003DACC0 /* UIViewController.swift */; };
		095B234D28ABA3CD004143DF /* FavoritesListAdapter.swift in Sources */ = {isa = PBXBuildFile; fileRef = 095B234C28ABA3CD004143DF /* FavoritesListAdapter.swift */; };
		095B234F28ABEC68004143DF /* Color.swift in Sources */ = {isa = PBXBuildFile; fileRef = 095B234E28ABEC68004143DF /* Color.swift */; };
		095B235728ABF4CE004143DF /* Image.swift in Sources */ = {isa = PBXBuildFile; fileRef = 095B235628ABF4CE004143DF /* Image.swift */; };
		095B235A28AC0E59004143DF /* UICollectionView.swift in Sources */ = {isa = PBXBuildFile; fileRef = 095B235928AC0E59004143DF /* UICollectionView.swift */; };
		095B235C28AC1036004143DF /* Constants.swift in Sources */ = {isa = PBXBuildFile; fileRef = 095B235B28AC1036004143DF /* Constants.swift */; };
		095B235F28AC11C8004143DF /* UITableView.swift in Sources */ = {isa = PBXBuildFile; fileRef = 095B235E28AC11C8004143DF /* UITableView.swift */; };
		095B236128AC3586004143DF /* UICollectionViewCell.swift in Sources */ = {isa = PBXBuildFile; fileRef = 095B236028AC3586004143DF /* UICollectionViewCell.swift */; };
		095B236328AC3730004143DF /* Builder.swift in Sources */ = {isa = PBXBuildFile; fileRef = 095B236228AC3730004143DF /* Builder.swift */; };
		095B236628AC3858004143DF /* DetailViewProtocol.swift in Sources */ = {isa = PBXBuildFile; fileRef = 095B236528AC3858004143DF /* DetailViewProtocol.swift */; };
		095B236828AC388B004143DF /* DetailViewPresenterProtocol.swift in Sources */ = {isa = PBXBuildFile; fileRef = 095B236728AC388B004143DF /* DetailViewPresenterProtocol.swift */; };
		095B236A28AC38C4004143DF /* FavoritesViewProtocol.swift in Sources */ = {isa = PBXBuildFile; fileRef = 095B236928AC38C4004143DF /* FavoritesViewProtocol.swift */; };
		095B236C28AC38DD004143DF /* FavoritesViewPresenterProtocol.swift in Sources */ = {isa = PBXBuildFile; fileRef = 095B236B28AC38DD004143DF /* FavoritesViewPresenterProtocol.swift */; };
		095B236E28AC3939004143DF /* FavoritesButtonDelegate.swift in Sources */ = {isa = PBXBuildFile; fileRef = 095B236D28AC3939004143DF /* FavoritesButtonDelegate.swift */; };
		095B237028AC39B1004143DF /* BaseViewProtocol.swift in Sources */ = {isa = PBXBuildFile; fileRef = 095B236F28AC39B1004143DF /* BaseViewProtocol.swift */; };
		095B237228AC39E2004143DF /* BaseViewPresenterProtocol.swift in Sources */ = {isa = PBXBuildFile; fileRef = 095B237128AC39E2004143DF /* BaseViewPresenterProtocol.swift */; };
		095B237428AC39FC004143DF /* BaseViewDelegate.swift in Sources */ = {isa = PBXBuildFile; fileRef = 095B237328AC39FC004143DF /* BaseViewDelegate.swift */; };
		095B237628AC3A16004143DF /* MainViewProtocol.swift in Sources */ = {isa = PBXBuildFile; fileRef = 095B237528AC3A16004143DF /* MainViewProtocol.swift */; };
		095B237828AC3A2B004143DF /* MainViewPresenterProtocol.swift in Sources */ = {isa = PBXBuildFile; fileRef = 095B237728AC3A2B004143DF /* MainViewPresenterProtocol.swift */; };
		095B237A28AC3AA2004143DF /* SearchViewPresenterProtocol.swift in Sources */ = {isa = PBXBuildFile; fileRef = 095B237928AC3AA2004143DF /* SearchViewPresenterProtocol.swift */; };
		09762BEB28AA34CB008F19FE /* ItemsListAdapter.swift in Sources */ = {isa = PBXBuildFile; fileRef = 09762BEA28AA34CB008F19FE /* ItemsListAdapter.swift */; };
		09794ED5289AFF0600E042E8 /* TabBarConfigurator.swift in Sources */ = {isa = PBXBuildFile; fileRef = 09794ED4289AFF0600E042E8 /* TabBarConfigurator.swift */; };
		09794ED7289AFF5300E042E8 /* TabBarModel.swift in Sources */ = {isa = PBXBuildFile; fileRef = 09794ED6289AFF5300E042E8 /* TabBarModel.swift */; };
		09794EDA289B003600E042E8 /* FavoritesViewController.swift in Sources */ = {isa = PBXBuildFile; fileRef = 09794ED8289B003600E042E8 /* FavoritesViewController.swift */; };
		09794EDB289B003600E042E8 /* FavoritesViewController.xib in Resources */ = {isa = PBXBuildFile; fileRef = 09794ED9289B003600E042E8 /* FavoritesViewController.xib */; };
		09794EDE289B034E00E042E8 /* ProfileViewController.swift in Sources */ = {isa = PBXBuildFile; fileRef = 09794EDC289B034E00E042E8 /* ProfileViewController.swift */; };
		09794EDF289B034E00E042E8 /* ProfileViewController.xib in Resources */ = {isa = PBXBuildFile; fileRef = 09794EDD289B034E00E042E8 /* ProfileViewController.xib */; };
		09794EE2289B03F200E042E8 /* MainViewController.swift in Sources */ = {isa = PBXBuildFile; fileRef = 09794EE0289B03F200E042E8 /* MainViewController.swift */; };
		09794EE3289B03F200E042E8 /* MainViewController.xib in Resources */ = {isa = PBXBuildFile; fileRef = 09794EE1289B03F200E042E8 /* MainViewController.xib */; };
		09B50851289D8C3200DEFBA3 /* DetailItemModel.swift in Sources */ = {isa = PBXBuildFile; fileRef = 09B50850289D8C3200DEFBA3 /* DetailItemModel.swift */; };
		09B50855289D8D5E00DEFBA3 /* DetailViewController.swift in Sources */ = {isa = PBXBuildFile; fileRef = 09B50853289D8D5E00DEFBA3 /* DetailViewController.swift */; };
		09B50856289D8D5E00DEFBA3 /* DetailViewController.xib in Resources */ = {isa = PBXBuildFile; fileRef = 09B50854289D8D5E00DEFBA3 /* DetailViewController.xib */; };
		09B5085C289D901A00DEFBA3 /* DetailTextTableViewCell.swift in Sources */ = {isa = PBXBuildFile; fileRef = 09B5085A289D901A00DEFBA3 /* DetailTextTableViewCell.swift */; };
		09B5085D289D901A00DEFBA3 /* DetailTextTableViewCell.xib in Resources */ = {isa = PBXBuildFile; fileRef = 09B5085B289D901A00DEFBA3 /* DetailTextTableViewCell.xib */; };
		09B50860289D90A000DEFBA3 /* DetailTitleTableViewCell.swift in Sources */ = {isa = PBXBuildFile; fileRef = 09B5085E289D90A000DEFBA3 /* DetailTitleTableViewCell.swift */; };
		09B50861289D90A000DEFBA3 /* DetailTitleTableViewCell.xib in Resources */ = {isa = PBXBuildFile; fileRef = 09B5085F289D90A000DEFBA3 /* DetailTitleTableViewCell.xib */; };
		09B50864289D918A00DEFBA3 /* DetailImageTableViewCell.swift in Sources */ = {isa = PBXBuildFile; fileRef = 09B50862289D918A00DEFBA3 /* DetailImageTableViewCell.swift */; };
		09B50865289D918A00DEFBA3 /* DetailImageTableViewCell.xib in Resources */ = {isa = PBXBuildFile; fileRef = 09B50863289D918A00DEFBA3 /* DetailImageTableViewCell.xib */; };
		09C127FC28A940FB00455BE8 /* DataStore.swift in Sources */ = {isa = PBXBuildFile; fileRef = 09C127FB28A940FB00455BE8 /* DataStore.swift */; };
		09D16AF8289961F900F8AC0C /* AppDelegate.swift in Sources */ = {isa = PBXBuildFile; fileRef = 09D16AF7289961F900F8AC0C /* AppDelegate.swift */; };
		09D16B01289961FB00F8AC0C /* Assets.xcassets in Resources */ = {isa = PBXBuildFile; fileRef = 09D16B00289961FB00F8AC0C /* Assets.xcassets */; };
		09D16B04289961FB00F8AC0C /* LaunchScreen.storyboard in Resources */ = {isa = PBXBuildFile; fileRef = 09D16B02289961FB00F8AC0C /* LaunchScreen.storyboard */; };
		09E3AC98289C5FF600269388 /* MainItemCollectionViewCell.swift in Sources */ = {isa = PBXBuildFile; fileRef = 09E3AC96289C5FF600269388 /* MainItemCollectionViewCell.swift */; };
		09E3AC9B289C605E00269388 /* MainItemCollectionViewCell.xib in Resources */ = {isa = PBXBuildFile; fileRef = 09E3AC9A289C605E00269388 /* MainItemCollectionViewCell.xib */; };
		09E4AC7B28B75C73001FC62A /* SplashViewController.swift in Sources */ = {isa = PBXBuildFile; fileRef = 09E4AC7928B75C73001FC62A /* SplashViewController.swift */; };
		09E4AC7C28B75C73001FC62A /* SplashViewController.xib in Resources */ = {isa = PBXBuildFile; fileRef = 09E4AC7A28B75C73001FC62A /* SplashViewController.xib */; };
		09E4AC7E28B78343001FC62A /* SplashPresenter.swift in Sources */ = {isa = PBXBuildFile; fileRef = 09E4AC7D28B78343001FC62A /* SplashPresenter.swift */; };
		09ED662028A028DC00A9347C /* FavoritesItemCollectionViewCell.swift in Sources */ = {isa = PBXBuildFile; fileRef = 09ED661E28A028DB00A9347C /* FavoritesItemCollectionViewCell.swift */; };
		09ED662128A028DC00A9347C /* FavoritesItemCollectionViewCell.xib in Resources */ = {isa = PBXBuildFile; fileRef = 09ED661F28A028DB00A9347C /* FavoritesItemCollectionViewCell.xib */; };
		09FA473C28A2F3B80058558C /* FavoritesPresenter.swift in Sources */ = {isa = PBXBuildFile; fileRef = 09FA473B28A2F3B80058558C /* FavoritesPresenter.swift */; };
		09FA474128A2F9060058558C /* FavoritesService.swift in Sources */ = {isa = PBXBuildFile; fileRef = 09FA474028A2F9060058558C /* FavoritesService.swift */; };
		09FB6DE628A1774600946B44 /* BaseNetworkTask.swift in Sources */ = {isa = PBXBuildFile; fileRef = 09FB6DE528A1774600946B44 /* BaseNetworkTask.swift */; };
		09FB6DE828A1779D00946B44 /* EmptyModel.swift in Sources */ = {isa = PBXBuildFile; fileRef = 09FB6DE728A1779D00946B44 /* EmptyModel.swift */; };
		09FB6DEA28A177B900946B44 /* NetworkMethod.swift in Sources */ = {isa = PBXBuildFile; fileRef = 09FB6DE928A177B900946B44 /* NetworkMethod.swift */; };
		09FB6DEC28A177D800946B44 /* NetworkTask.swift in Sources */ = {isa = PBXBuildFile; fileRef = 09FB6DEB28A177D800946B44 /* NetworkTask.swift */; };
		09FB6DEF28A1782D00946B44 /* AuthRequestModel.swift in Sources */ = {isa = PBXBuildFile; fileRef = 09FB6DEE28A1782D00946B44 /* AuthRequestModel.swift */; };
		09FB6DF128A1784D00946B44 /* AuthResponseModel.swift in Sources */ = {isa = PBXBuildFile; fileRef = 09FB6DF028A1784D00946B44 /* AuthResponseModel.swift */; };
		09FB6DF328A1786800946B44 /* AuthService.swift in Sources */ = {isa = PBXBuildFile; fileRef = 09FB6DF228A1786800946B44 /* AuthService.swift */; };
		09FB6DF828A1792800946B44 /* TokenContainer.swift in Sources */ = {isa = PBXBuildFile; fileRef = 09FB6DF728A1792800946B44 /* TokenContainer.swift */; };
		09FB6DFD28A179FB00946B44 /* PictureResponseModel.swift in Sources */ = {isa = PBXBuildFile; fileRef = 09FB6DFC28A179FB00946B44 /* PictureResponseModel.swift */; };
		09FB6DFF28A17A2D00946B44 /* PicturesService.swift in Sources */ = {isa = PBXBuildFile; fileRef = 09FB6DFE28A17A2D00946B44 /* PicturesService.swift */; };
		09FB6E0228A17AE100946B44 /* ImageLoader.swift in Sources */ = {isa = PBXBuildFile; fileRef = 09FB6E0128A17AE100946B44 /* ImageLoader.swift */; };
		09FB6E0428A17B2700946B44 /* UIImageView+ImageLoader.swift in Sources */ = {isa = PBXBuildFile; fileRef = 09FB6E0328A17B2700946B44 /* UIImageView+ImageLoader.swift */; };
/* End PBXBuildFile section */

/* Begin PBXFileReference section */
		090B5B0728A2997E00E7190E /* MainPresenter.swift */ = {isa = PBXFileReference; lastKnownFileType = sourcecode.swift; path = MainPresenter.swift; sourceTree = "<group>"; };
		090B5B0A28A2A5E500E7190E /* ModuleBuilder.swift */ = {isa = PBXFileReference; lastKnownFileType = sourcecode.swift; path = ModuleBuilder.swift; sourceTree = "<group>"; };
		090B5B0E28A2B13900E7190E /* DetailPresenter.swift */ = {isa = PBXFileReference; lastKnownFileType = sourcecode.swift; path = DetailPresenter.swift; sourceTree = "<group>"; };
		090B5B1328A2C19500E7190E /* SearchPresenter.swift */ = {isa = PBXFileReference; lastKnownFileType = sourcecode.swift; path = SearchPresenter.swift; sourceTree = "<group>"; };
		090D8E5E28AF711A00701EA9 /* FloatingTextField.swift */ = {isa = PBXFileReference; lastKnownFileType = sourcecode.swift; path = FloatingTextField.swift; sourceTree = "<group>"; };
		090D8E6028AF716F00701EA9 /* LoginTableViewCell.swift */ = {isa = PBXFileReference; lastKnownFileType = sourcecode.swift; path = LoginTableViewCell.swift; sourceTree = "<group>"; };
		090D8E6128AF716F00701EA9 /* LoginTableViewCell.xib */ = {isa = PBXFileReference; lastKnownFileType = file.xib; path = LoginTableViewCell.xib; sourceTree = "<group>"; };
		090D8E6428AF89AF00701EA9 /* PasswordTableViewCell.swift */ = {isa = PBXFileReference; lastKnownFileType = sourcecode.swift; path = PasswordTableViewCell.swift; sourceTree = "<group>"; };
		090D8E6528AF89AF00701EA9 /* PasswordTableViewCell.xib */ = {isa = PBXFileReference; lastKnownFileType = file.xib; path = PasswordTableViewCell.xib; sourceTree = "<group>"; };
		090D8E6828AFB16400701EA9 /* LoadingButtonDelegate.swift */ = {isa = PBXFileReference; lastKnownFileType = sourcecode.swift; path = LoadingButtonDelegate.swift; sourceTree = "<group>"; };
		090D8E6A28AFDF6900701EA9 /* AuthViewProtocol.swift */ = {isa = PBXFileReference; lastKnownFileType = sourcecode.swift; path = AuthViewProtocol.swift; sourceTree = "<group>"; };
		090D8E6C28AFE22600701EA9 /* Validator.swift */ = {isa = PBXFileReference; lastKnownFileType = sourcecode.swift; path = Validator.swift; sourceTree = "<group>"; };
		090D8E6F28B0084800701EA9 /* LoadingButton.swift */ = {isa = PBXFileReference; lastKnownFileType = sourcecode.swift; path = LoadingButton.swift; sourceTree = "<group>"; };
		090D8E7128B0204F00701EA9 /* Coordinator.swift */ = {isa = PBXFileReference; lastKnownFileType = sourcecode.swift; path = Coordinator.swift; sourceTree = "<group>"; };
		090E47AB289CFFFE00B7C173 /* .gitignore */ = {isa = PBXFileReference; lastKnownFileType = text; path = .gitignore; sourceTree = "<group>"; };
		090E47AE289D01C700B7C173 /* SearchViewController.swift */ = {isa = PBXFileReference; lastKnownFileType = sourcecode.swift; path = SearchViewController.swift; sourceTree = "<group>"; };
		090E47AF289D01C700B7C173 /* SearchViewController.xib */ = {isa = PBXFileReference; lastKnownFileType = file.xib; path = SearchViewController.xib; sourceTree = "<group>"; };
		090FEBA728B21D3B00E527FB /* ProfileViewPresenterProtocol.swift */ = {isa = PBXFileReference; lastKnownFileType = sourcecode.swift; path = ProfileViewPresenterProtocol.swift; sourceTree = "<group>"; };
		090FEBA928B21E1800E527FB /* ProfileViewProtocol.swift */ = {isa = PBXFileReference; lastKnownFileType = sourcecode.swift; path = ProfileViewProtocol.swift; sourceTree = "<group>"; };
		090FEBAB28B222DB00E527FB /* ProfilePresenter.swift */ = {isa = PBXFileReference; lastKnownFileType = sourcecode.swift; path = ProfilePresenter.swift; sourceTree = "<group>"; };
		090FEBAE28B22C6600E527FB /* HeaderTableViewCell.swift */ = {isa = PBXFileReference; lastKnownFileType = sourcecode.swift; path = HeaderTableViewCell.swift; sourceTree = "<group>"; };
		090FEBAF28B22C6600E527FB /* HeaderTableViewCell.xib */ = {isa = PBXFileReference; lastKnownFileType = file.xib; path = HeaderTableViewCell.xib; sourceTree = "<group>"; };
		090FEBB328B23C4700E527FB /* UserDetailTableViewCell.swift */ = {isa = PBXFileReference; lastKnownFileType = sourcecode.swift; path = UserDetailTableViewCell.swift; sourceTree = "<group>"; };
		090FEBB428B23C4700E527FB /* UserDetailTableViewCell.xib */ = {isa = PBXFileReference; lastKnownFileType = file.xib; path = UserDetailTableViewCell.xib; sourceTree = "<group>"; };
		09192B9528B1290100538D4B /* UserCredentials.swift */ = {isa = PBXFileReference; lastKnownFileType = sourcecode.swift; path = UserCredentials.swift; sourceTree = "<group>"; };
		09192B9728B12D2400538D4B /* UserCredentialsManager.swift */ = {isa = PBXFileReference; lastKnownFileType = sourcecode.swift; path = UserCredentialsManager.swift; sourceTree = "<group>"; };
		09192B9B28B1520200538D4B /* Users.xcdatamodel */ = {isa = PBXFileReference; lastKnownFileType = wrapper.xcdatamodel; path = Users.xcdatamodel; sourceTree = "<group>"; };
		09192B9E28B1538C00538D4B /* CoreDataManager.swift */ = {isa = PBXFileReference; lastKnownFileType = sourcecode.swift; path = CoreDataManager.swift; sourceTree = "<group>"; };
		092819BF28AE6C6A00DB56DE /* AuthViewController.swift */ = {isa = PBXFileReference; lastKnownFileType = sourcecode.swift; path = AuthViewController.swift; sourceTree = "<group>"; };
		092819C028AE6C6A00DB56DE /* AuthViewController.xib */ = {isa = PBXFileReference; lastKnownFileType = file.xib; path = AuthViewController.xib; sourceTree = "<group>"; };
		092819C628AE72F500DB56DE /* UserInfoModel.swift */ = {isa = PBXFileReference; lastKnownFileType = sourcecode.swift; path = UserInfoModel.swift; sourceTree = "<group>"; };
		092819C928AE750600DB56DE /* AuthPresenter.swift */ = {isa = PBXFileReference; lastKnownFileType = sourcecode.swift; path = AuthPresenter.swift; sourceTree = "<group>"; };
		092819CC28AE80FD00DB56DE /* AuthViewPresenterProtocol.swift */ = {isa = PBXFileReference; lastKnownFileType = sourcecode.swift; path = AuthViewPresenterProtocol.swift; sourceTree = "<group>"; };
		092819DE28AEB66A00DB56DE /* ButtonTableViewCell.swift */ = {isa = PBXFileReference; lastKnownFileType = sourcecode.swift; path = ButtonTableViewCell.swift; sourceTree = "<group>"; };
		092819DF28AEB66A00DB56DE /* ButtonTableViewCell.xib */ = {isa = PBXFileReference; lastKnownFileType = file.xib; path = ButtonTableViewCell.xib; sourceTree = "<group>"; };
		094FBB3528AD7564003DACC0 /* ErrorStateAlert.swift */ = {isa = PBXFileReference; lastKnownFileType = sourcecode.swift; path = ErrorStateAlert.swift; sourceTree = "<group>"; };
		094FBB3728AD82E4003DACC0 /* UIViewController.swift */ = {isa = PBXFileReference; lastKnownFileType = sourcecode.swift; path = UIViewController.swift; sourceTree = "<group>"; };
		095B234C28ABA3CD004143DF /* FavoritesListAdapter.swift */ = {isa = PBXFileReference; lastKnownFileType = sourcecode.swift; path = FavoritesListAdapter.swift; sourceTree = "<group>"; };
		095B234E28ABEC68004143DF /* Color.swift */ = {isa = PBXFileReference; lastKnownFileType = sourcecode.swift; path = Color.swift; sourceTree = "<group>"; };
		095B235628ABF4CE004143DF /* Image.swift */ = {isa = PBXFileReference; lastKnownFileType = sourcecode.swift; path = Image.swift; sourceTree = "<group>"; };
		095B235928AC0E59004143DF /* UICollectionView.swift */ = {isa = PBXFileReference; lastKnownFileType = sourcecode.swift; path = UICollectionView.swift; sourceTree = "<group>"; };
		095B235B28AC1036004143DF /* Constants.swift */ = {isa = PBXFileReference; lastKnownFileType = sourcecode.swift; path = Constants.swift; sourceTree = "<group>"; };
		095B235E28AC11C8004143DF /* UITableView.swift */ = {isa = PBXFileReference; lastKnownFileType = sourcecode.swift; path = UITableView.swift; sourceTree = "<group>"; };
		095B236028AC3586004143DF /* UICollectionViewCell.swift */ = {isa = PBXFileReference; lastKnownFileType = sourcecode.swift; path = UICollectionViewCell.swift; sourceTree = "<group>"; };
		095B236228AC3730004143DF /* Builder.swift */ = {isa = PBXFileReference; lastKnownFileType = sourcecode.swift; path = Builder.swift; sourceTree = "<group>"; };
		095B236528AC3858004143DF /* DetailViewProtocol.swift */ = {isa = PBXFileReference; lastKnownFileType = sourcecode.swift; path = DetailViewProtocol.swift; sourceTree = "<group>"; };
		095B236728AC388B004143DF /* DetailViewPresenterProtocol.swift */ = {isa = PBXFileReference; lastKnownFileType = sourcecode.swift; path = DetailViewPresenterProtocol.swift; sourceTree = "<group>"; };
		095B236928AC38C4004143DF /* FavoritesViewProtocol.swift */ = {isa = PBXFileReference; lastKnownFileType = sourcecode.swift; path = FavoritesViewProtocol.swift; sourceTree = "<group>"; };
		095B236B28AC38DD004143DF /* FavoritesViewPresenterProtocol.swift */ = {isa = PBXFileReference; lastKnownFileType = sourcecode.swift; path = FavoritesViewPresenterProtocol.swift; sourceTree = "<group>"; };
		095B236D28AC3939004143DF /* FavoritesButtonDelegate.swift */ = {isa = PBXFileReference; lastKnownFileType = sourcecode.swift; path = FavoritesButtonDelegate.swift; sourceTree = "<group>"; };
		095B236F28AC39B1004143DF /* BaseViewProtocol.swift */ = {isa = PBXFileReference; lastKnownFileType = sourcecode.swift; path = BaseViewProtocol.swift; sourceTree = "<group>"; };
		095B237128AC39E2004143DF /* BaseViewPresenterProtocol.swift */ = {isa = PBXFileReference; lastKnownFileType = sourcecode.swift; path = BaseViewPresenterProtocol.swift; sourceTree = "<group>"; };
		095B237328AC39FC004143DF /* BaseViewDelegate.swift */ = {isa = PBXFileReference; lastKnownFileType = sourcecode.swift; path = BaseViewDelegate.swift; sourceTree = "<group>"; };
		095B237528AC3A16004143DF /* MainViewProtocol.swift */ = {isa = PBXFileReference; lastKnownFileType = sourcecode.swift; path = MainViewProtocol.swift; sourceTree = "<group>"; };
		095B237728AC3A2B004143DF /* MainViewPresenterProtocol.swift */ = {isa = PBXFileReference; lastKnownFileType = sourcecode.swift; path = MainViewPresenterProtocol.swift; sourceTree = "<group>"; };
		095B237928AC3AA2004143DF /* SearchViewPresenterProtocol.swift */ = {isa = PBXFileReference; lastKnownFileType = sourcecode.swift; path = SearchViewPresenterProtocol.swift; sourceTree = "<group>"; };
		09762BEA28AA34CB008F19FE /* ItemsListAdapter.swift */ = {isa = PBXFileReference; lastKnownFileType = sourcecode.swift; path = ItemsListAdapter.swift; sourceTree = "<group>"; };
		09794ED4289AFF0600E042E8 /* TabBarConfigurator.swift */ = {isa = PBXFileReference; lastKnownFileType = sourcecode.swift; path = TabBarConfigurator.swift; sourceTree = "<group>"; };
		09794ED6289AFF5300E042E8 /* TabBarModel.swift */ = {isa = PBXFileReference; lastKnownFileType = sourcecode.swift; path = TabBarModel.swift; sourceTree = "<group>"; };
		09794ED8289B003600E042E8 /* FavoritesViewController.swift */ = {isa = PBXFileReference; lastKnownFileType = sourcecode.swift; path = FavoritesViewController.swift; sourceTree = "<group>"; };
		09794ED9289B003600E042E8 /* FavoritesViewController.xib */ = {isa = PBXFileReference; lastKnownFileType = file.xib; path = FavoritesViewController.xib; sourceTree = "<group>"; };
		09794EDC289B034E00E042E8 /* ProfileViewController.swift */ = {isa = PBXFileReference; lastKnownFileType = sourcecode.swift; path = ProfileViewController.swift; sourceTree = "<group>"; };
		09794EDD289B034E00E042E8 /* ProfileViewController.xib */ = {isa = PBXFileReference; lastKnownFileType = file.xib; path = ProfileViewController.xib; sourceTree = "<group>"; };
		09794EE0289B03F200E042E8 /* MainViewController.swift */ = {isa = PBXFileReference; lastKnownFileType = sourcecode.swift; path = MainViewController.swift; sourceTree = "<group>"; };
		09794EE1289B03F200E042E8 /* MainViewController.xib */ = {isa = PBXFileReference; lastKnownFileType = file.xib; path = MainViewController.xib; sourceTree = "<group>"; };
		09B50850289D8C3200DEFBA3 /* DetailItemModel.swift */ = {isa = PBXFileReference; lastKnownFileType = sourcecode.swift; path = DetailItemModel.swift; sourceTree = "<group>"; };
		09B50853289D8D5E00DEFBA3 /* DetailViewController.swift */ = {isa = PBXFileReference; lastKnownFileType = sourcecode.swift; path = DetailViewController.swift; sourceTree = "<group>"; };
		09B50854289D8D5E00DEFBA3 /* DetailViewController.xib */ = {isa = PBXFileReference; lastKnownFileType = file.xib; path = DetailViewController.xib; sourceTree = "<group>"; };
		09B5085A289D901A00DEFBA3 /* DetailTextTableViewCell.swift */ = {isa = PBXFileReference; lastKnownFileType = sourcecode.swift; path = DetailTextTableViewCell.swift; sourceTree = "<group>"; };
		09B5085B289D901A00DEFBA3 /* DetailTextTableViewCell.xib */ = {isa = PBXFileReference; lastKnownFileType = file.xib; path = DetailTextTableViewCell.xib; sourceTree = "<group>"; };
		09B5085E289D90A000DEFBA3 /* DetailTitleTableViewCell.swift */ = {isa = PBXFileReference; lastKnownFileType = sourcecode.swift; path = DetailTitleTableViewCell.swift; sourceTree = "<group>"; };
		09B5085F289D90A000DEFBA3 /* DetailTitleTableViewCell.xib */ = {isa = PBXFileReference; lastKnownFileType = file.xib; path = DetailTitleTableViewCell.xib; sourceTree = "<group>"; };
		09B50862289D918A00DEFBA3 /* DetailImageTableViewCell.swift */ = {isa = PBXFileReference; lastKnownFileType = sourcecode.swift; path = DetailImageTableViewCell.swift; sourceTree = "<group>"; };
		09B50863289D918A00DEFBA3 /* DetailImageTableViewCell.xib */ = {isa = PBXFileReference; lastKnownFileType = file.xib; path = DetailImageTableViewCell.xib; sourceTree = "<group>"; };
		09C127FB28A940FB00455BE8 /* DataStore.swift */ = {isa = PBXFileReference; lastKnownFileType = sourcecode.swift; path = DataStore.swift; sourceTree = "<group>"; };
		09D16AF4289961F900F8AC0C /* SurfSummerSchoolProject.app */ = {isa = PBXFileReference; explicitFileType = wrapper.application; includeInIndex = 0; path = SurfSummerSchoolProject.app; sourceTree = BUILT_PRODUCTS_DIR; };
		09D16AF7289961F900F8AC0C /* AppDelegate.swift */ = {isa = PBXFileReference; lastKnownFileType = sourcecode.swift; path = AppDelegate.swift; sourceTree = "<group>"; };
		09D16B00289961FB00F8AC0C /* Assets.xcassets */ = {isa = PBXFileReference; lastKnownFileType = folder.assetcatalog; path = Assets.xcassets; sourceTree = "<group>"; };
		09D16B03289961FB00F8AC0C /* Base */ = {isa = PBXFileReference; lastKnownFileType = file.storyboard; name = Base; path = Base.lproj/LaunchScreen.storyboard; sourceTree = "<group>"; };
		09D16B05289961FB00F8AC0C /* Info.plist */ = {isa = PBXFileReference; lastKnownFileType = text.plist.xml; path = Info.plist; sourceTree = "<group>"; };
		09E3AC96289C5FF600269388 /* MainItemCollectionViewCell.swift */ = {isa = PBXFileReference; lastKnownFileType = sourcecode.swift; path = MainItemCollectionViewCell.swift; sourceTree = "<group>"; };
		09E3AC9A289C605E00269388 /* MainItemCollectionViewCell.xib */ = {isa = PBXFileReference; fileEncoding = 4; lastKnownFileType = file.xib; path = MainItemCollectionViewCell.xib; sourceTree = "<group>"; };
		09E4AC7928B75C73001FC62A /* SplashViewController.swift */ = {isa = PBXFileReference; lastKnownFileType = sourcecode.swift; path = SplashViewController.swift; sourceTree = "<group>"; };
		09E4AC7A28B75C73001FC62A /* SplashViewController.xib */ = {isa = PBXFileReference; lastKnownFileType = file.xib; path = SplashViewController.xib; sourceTree = "<group>"; };
		09E4AC7D28B78343001FC62A /* SplashPresenter.swift */ = {isa = PBXFileReference; lastKnownFileType = sourcecode.swift; path = SplashPresenter.swift; sourceTree = "<group>"; };
		09ED661E28A028DB00A9347C /* FavoritesItemCollectionViewCell.swift */ = {isa = PBXFileReference; lastKnownFileType = sourcecode.swift; path = FavoritesItemCollectionViewCell.swift; sourceTree = "<group>"; };
		09ED661F28A028DB00A9347C /* FavoritesItemCollectionViewCell.xib */ = {isa = PBXFileReference; lastKnownFileType = file.xib; path = FavoritesItemCollectionViewCell.xib; sourceTree = "<group>"; };
		09FA473B28A2F3B80058558C /* FavoritesPresenter.swift */ = {isa = PBXFileReference; lastKnownFileType = sourcecode.swift; path = FavoritesPresenter.swift; sourceTree = "<group>"; };
		09FA474028A2F9060058558C /* FavoritesService.swift */ = {isa = PBXFileReference; lastKnownFileType = sourcecode.swift; path = FavoritesService.swift; sourceTree = "<group>"; };
		09FB6DE528A1774600946B44 /* BaseNetworkTask.swift */ = {isa = PBXFileReference; lastKnownFileType = sourcecode.swift; path = BaseNetworkTask.swift; sourceTree = "<group>"; };
		09FB6DE728A1779D00946B44 /* EmptyModel.swift */ = {isa = PBXFileReference; lastKnownFileType = sourcecode.swift; path = EmptyModel.swift; sourceTree = "<group>"; };
		09FB6DE928A177B900946B44 /* NetworkMethod.swift */ = {isa = PBXFileReference; lastKnownFileType = sourcecode.swift; path = NetworkMethod.swift; sourceTree = "<group>"; };
		09FB6DEB28A177D800946B44 /* NetworkTask.swift */ = {isa = PBXFileReference; lastKnownFileType = sourcecode.swift; path = NetworkTask.swift; sourceTree = "<group>"; };
		09FB6DEE28A1782D00946B44 /* AuthRequestModel.swift */ = {isa = PBXFileReference; lastKnownFileType = sourcecode.swift; path = AuthRequestModel.swift; sourceTree = "<group>"; };
		09FB6DF028A1784D00946B44 /* AuthResponseModel.swift */ = {isa = PBXFileReference; lastKnownFileType = sourcecode.swift; path = AuthResponseModel.swift; sourceTree = "<group>"; };
		09FB6DF228A1786800946B44 /* AuthService.swift */ = {isa = PBXFileReference; lastKnownFileType = sourcecode.swift; path = AuthService.swift; sourceTree = "<group>"; };
		09FB6DF728A1792800946B44 /* TokenContainer.swift */ = {isa = PBXFileReference; lastKnownFileType = sourcecode.swift; path = TokenContainer.swift; sourceTree = "<group>"; };
		09FB6DFC28A179FB00946B44 /* PictureResponseModel.swift */ = {isa = PBXFileReference; lastKnownFileType = sourcecode.swift; path = PictureResponseModel.swift; sourceTree = "<group>"; };
		09FB6DFE28A17A2D00946B44 /* PicturesService.swift */ = {isa = PBXFileReference; lastKnownFileType = sourcecode.swift; path = PicturesService.swift; sourceTree = "<group>"; };
		09FB6E0128A17AE100946B44 /* ImageLoader.swift */ = {isa = PBXFileReference; lastKnownFileType = sourcecode.swift; path = ImageLoader.swift; sourceTree = "<group>"; };
		09FB6E0328A17B2700946B44 /* UIImageView+ImageLoader.swift */ = {isa = PBXFileReference; lastKnownFileType = sourcecode.swift; path = "UIImageView+ImageLoader.swift"; sourceTree = "<group>"; };
/* End PBXFileReference section */

/* Begin PBXFrameworksBuildPhase section */
		09D16AF1289961F900F8AC0C /* Frameworks */ = {
			isa = PBXFrameworksBuildPhase;
			buildActionMask = 2147483647;
			files = (
			);
			runOnlyForDeploymentPostprocessing = 0;
		};
/* End PBXFrameworksBuildPhase section */

/* Begin PBXGroup section */
		090B5B0428A298FF00E7190E /* Models */ = {
			isa = PBXGroup;
			children = (
				09B50850289D8C3200DEFBA3 /* DetailItemModel.swift */,
				09C127FB28A940FB00455BE8 /* DataStore.swift */,
			);
			path = Models;
			sourceTree = "<group>";
		};
		090B5B0528A2991500E7190E /* Views */ = {
			isa = PBXGroup;
			children = (
				09E3AC95289C5FAF00269388 /* Cells */,
				09794EE0289B03F200E042E8 /* MainViewController.swift */,
				09794EE1289B03F200E042E8 /* MainViewController.xib */,
			);
			path = Views;
			sourceTree = "<group>";
		};
		090B5B0628A2994300E7190E /* Presenter */ = {
			isa = PBXGroup;
			children = (
				090B5B0728A2997E00E7190E /* MainPresenter.swift */,
			);
			path = Presenter;
			sourceTree = "<group>";
		};
		090B5B0928A2A5CA00E7190E /* Builders */ = {
			isa = PBXGroup;
			children = (
				090B5B0A28A2A5E500E7190E /* ModuleBuilder.swift */,
			);
			path = Builders;
			sourceTree = "<group>";
		};
		090B5B0C28A2B10500E7190E /* Views */ = {
			isa = PBXGroup;
			children = (
				090B5B1028A2B8B600E7190E /* Cells */,
				09B50853289D8D5E00DEFBA3 /* DetailViewController.swift */,
				09B50854289D8D5E00DEFBA3 /* DetailViewController.xib */,
			);
			path = Views;
			sourceTree = "<group>";
		};
		090B5B0D28A2B12100E7190E /* Presenter */ = {
			isa = PBXGroup;
			children = (
				090B5B0E28A2B13900E7190E /* DetailPresenter.swift */,
			);
			path = Presenter;
			sourceTree = "<group>";
		};
		090B5B1028A2B8B600E7190E /* Cells */ = {
			isa = PBXGroup;
			children = (
				09B50857289D8FCF00DEFBA3 /* TextCell */,
				09B50858289D8FDB00DEFBA3 /* TitleCell */,
				09B50859289D8FF300DEFBA3 /* ImageCell */,
			);
			path = Cells;
			sourceTree = "<group>";
		};
		090B5B1128A2C16B00E7190E /* Views */ = {
			isa = PBXGroup;
			children = (
				090E47AE289D01C700B7C173 /* SearchViewController.swift */,
				090E47AF289D01C700B7C173 /* SearchViewController.xib */,
			);
			path = Views;
			sourceTree = "<group>";
		};
		090B5B1228A2C17500E7190E /* Presenter */ = {
			isa = PBXGroup;
			children = (
				090B5B1328A2C19500E7190E /* SearchPresenter.swift */,
			);
			path = Presenter;
			sourceTree = "<group>";
		};
		090D8E6E28AFF80700701EA9 /* Helpers */ = {
			isa = PBXGroup;
			children = (
				090D8E7128B0204F00701EA9 /* Coordinator.swift */,
				090D8E6C28AFE22600701EA9 /* Validator.swift */,
			);
			path = Helpers;
			sourceTree = "<group>";
		};
		090E47AD289D01AF00B7C173 /* SearchModule */ = {
			isa = PBXGroup;
			children = (
				090B5B1128A2C16B00E7190E /* Views */,
				090B5B1228A2C17500E7190E /* Presenter */,
			);
			path = SearchModule;
			sourceTree = "<group>";
		};
		090FEBA528B21B5F00E527FB /* Views */ = {
			isa = PBXGroup;
			children = (
				090FEBA628B21B6900E527FB /* Cells */,
				09794EDC289B034E00E042E8 /* ProfileViewController.swift */,
				09794EDD289B034E00E042E8 /* ProfileViewController.xib */,
			);
			path = Views;
			sourceTree = "<group>";
		};
		090FEBA628B21B6900E527FB /* Cells */ = {
			isa = PBXGroup;
			children = (
				090FEBB228B22F9900E527FB /* HeaderCell */,
				090FEBB728B23C4C00E527FB /* DetailCell */,
			);
			path = Cells;
			sourceTree = "<group>";
		};
		090FEBAD28B222DF00E527FB /* Presenter */ = {
			isa = PBXGroup;
			children = (
				090FEBAB28B222DB00E527FB /* ProfilePresenter.swift */,
			);
			path = Presenter;
			sourceTree = "<group>";
		};
		090FEBB228B22F9900E527FB /* HeaderCell */ = {
			isa = PBXGroup;
			children = (
				090FEBAE28B22C6600E527FB /* HeaderTableViewCell.swift */,
				090FEBAF28B22C6600E527FB /* HeaderTableViewCell.xib */,
			);
			path = HeaderCell;
			sourceTree = "<group>";
		};
		090FEBB728B23C4C00E527FB /* DetailCell */ = {
			isa = PBXGroup;
			children = (
				090FEBB328B23C4700E527FB /* UserDetailTableViewCell.swift */,
				090FEBB428B23C4700E527FB /* UserDetailTableViewCell.xib */,
			);
			path = DetailCell;
			sourceTree = "<group>";
		};
		09192B9928B13DE200538D4B /* UserCredentials */ = {
			isa = PBXGroup;
			children = (
				09192B9528B1290100538D4B /* UserCredentials.swift */,
				09192B9728B12D2400538D4B /* UserCredentialsManager.swift */,
				09FB6DF728A1792800946B44 /* TokenContainer.swift */,
			);
			path = UserCredentials;
			sourceTree = "<group>";
		};
		09192B9D28B1536F00538D4B /* CoreData */ = {
			isa = PBXGroup;
			children = (
				09192B9A28B1520200538D4B /* Users.xcdatamodeld */,
				09192B9E28B1538C00538D4B /* CoreDataManager.swift */,
			);
			path = CoreData;
			sourceTree = "<group>";
		};
		09192BA028B1628100538D4B /* DTO */ = {
			isa = PBXGroup;
			children = (
				092819C628AE72F500DB56DE /* UserInfoModel.swift */,
			);
			path = DTO;
			sourceTree = "<group>";
		};
		092819C328AE6C7500DB56DE /* Views */ = {
			isa = PBXGroup;
			children = (
				092819CE28AE827F00DB56DE /* Cells */,
				092819BF28AE6C6A00DB56DE /* AuthViewController.swift */,
				092819C028AE6C6A00DB56DE /* AuthViewController.xib */,
			);
			path = Views;
			sourceTree = "<group>";
		};
		092819C428AE6C7F00DB56DE /* AuthFlow */ = {
			isa = PBXGroup;
			children = (
				092819C828AE747600DB56DE /* Models */,
				092819C528AE6C9200DB56DE /* AuthModule */,
			);
			path = AuthFlow;
			sourceTree = "<group>";
		};
		092819C528AE6C9200DB56DE /* AuthModule */ = {
			isa = PBXGroup;
			children = (
				092819C328AE6C7500DB56DE /* Views */,
				092819CB28AE751700DB56DE /* Presenter */,
			);
			path = AuthModule;
			sourceTree = "<group>";
		};
		092819C828AE747600DB56DE /* Models */ = {
			isa = PBXGroup;
			children = (
				09192BA028B1628100538D4B /* DTO */,
			);
			path = Models;
			sourceTree = "<group>";
		};
		092819CB28AE751700DB56DE /* Presenter */ = {
			isa = PBXGroup;
			children = (
				092819C928AE750600DB56DE /* AuthPresenter.swift */,
			);
			path = Presenter;
			sourceTree = "<group>";
		};
		092819CE28AE827F00DB56DE /* Cells */ = {
			isa = PBXGroup;
			children = (
				092819D328AE82AC00DB56DE /* LoginCell */,
				092819DD28AEA4B500DB56DE /* PasswordCell */,
				092819E228AEB66E00DB56DE /* ButtonCell */,
			);
			path = Cells;
			sourceTree = "<group>";
		};
		092819D328AE82AC00DB56DE /* LoginCell */ = {
			isa = PBXGroup;
			children = (
				090D8E6028AF716F00701EA9 /* LoginTableViewCell.swift */,
				090D8E6128AF716F00701EA9 /* LoginTableViewCell.xib */,
			);
			path = LoginCell;
			sourceTree = "<group>";
		};
		092819DD28AEA4B500DB56DE /* PasswordCell */ = {
			isa = PBXGroup;
			children = (
				090D8E6428AF89AF00701EA9 /* PasswordTableViewCell.swift */,
				090D8E6528AF89AF00701EA9 /* PasswordTableViewCell.xib */,
			);
			path = PasswordCell;
			sourceTree = "<group>";
		};
		092819E228AEB66E00DB56DE /* ButtonCell */ = {
			isa = PBXGroup;
			children = (
				092819DE28AEB66A00DB56DE /* ButtonTableViewCell.swift */,
				092819DF28AEB66A00DB56DE /* ButtonTableViewCell.xib */,
			);
			path = ButtonCell;
			sourceTree = "<group>";
		};
		094FBB3928AD84E2003DACC0 /* Views */ = {
			isa = PBXGroup;
			children = (
				094FBB3528AD7564003DACC0 /* ErrorStateAlert.swift */,
				090D8E5E28AF711A00701EA9 /* FloatingTextField.swift */,
				090D8E6F28B0084800701EA9 /* LoadingButton.swift */,
			);
			path = Views;
			sourceTree = "<group>";
		};
		095B234B28ABA3A7004143DF /* Adapters */ = {
			isa = PBXGroup;
			children = (
				09762BEA28AA34CB008F19FE /* ItemsListAdapter.swift */,
				095B234C28ABA3CD004143DF /* FavoritesListAdapter.swift */,
			);
			path = Adapters;
			sourceTree = "<group>";
		};
		095B235028ABED67004143DF /* Library */ = {
			isa = PBXGroup;
			children = (
				095B234B28ABA3A7004143DF /* Adapters */,
				095B235128ABED7E004143DF /* Extensions */,
				090D8E6E28AFF80700701EA9 /* Helpers */,
				095B236428AC37A8004143DF /* Protocols */,
				094FBB3928AD84E2003DACC0 /* Views */,
			);
			path = Library;
			sourceTree = "<group>";
		};
		095B235128ABED7E004143DF /* Extensions */ = {
			isa = PBXGroup;
			children = (
				095B235928AC0E59004143DF /* UICollectionView.swift */,
				095B235E28AC11C8004143DF /* UITableView.swift */,
				095B236028AC3586004143DF /* UICollectionViewCell.swift */,
				094FBB3728AD82E4003DACC0 /* UIViewController.swift */,
			);
			path = Extensions;
			sourceTree = "<group>";
		};
		095B235428ABF481004143DF /* Resources */ = {
			isa = PBXGroup;
			children = (
				095B235528ABF496004143DF /* Colors */,
				095B235828ABF9C1004143DF /* Images */,
				095B235D28AC116D004143DF /* Constants */,
			);
			path = Resources;
			sourceTree = "<group>";
		};
		095B235528ABF496004143DF /* Colors */ = {
			isa = PBXGroup;
			children = (
				095B234E28ABEC68004143DF /* Color.swift */,
			);
			path = Colors;
			sourceTree = "<group>";
		};
		095B235828ABF9C1004143DF /* Images */ = {
			isa = PBXGroup;
			children = (
				095B235628ABF4CE004143DF /* Image.swift */,
			);
			path = Images;
			sourceTree = "<group>";
		};
		095B235D28AC116D004143DF /* Constants */ = {
			isa = PBXGroup;
			children = (
				095B235B28AC1036004143DF /* Constants.swift */,
			);
			path = Constants;
			sourceTree = "<group>";
		};
		095B236428AC37A8004143DF /* Protocols */ = {
			isa = PBXGroup;
			children = (
				095B237B28AC3B37004143DF /* Builders */,
				095B237D28AC3B4F004143DF /* Network */,
				095B237E28AC3B6E004143DF /* Views */,
				095B237F28AC3BA0004143DF /* Presenters */,
			);
			path = Protocols;
			sourceTree = "<group>";
		};
		095B237B28AC3B37004143DF /* Builders */ = {
			isa = PBXGroup;
			children = (
				095B236228AC3730004143DF /* Builder.swift */,
			);
			path = Builders;
			sourceTree = "<group>";
		};
		095B237D28AC3B4F004143DF /* Network */ = {
			isa = PBXGroup;
			children = (
				09FB6DEB28A177D800946B44 /* NetworkTask.swift */,
			);
			path = Network;
			sourceTree = "<group>";
		};
		095B237E28AC3B6E004143DF /* Views */ = {
			isa = PBXGroup;
			children = (
				095B236F28AC39B1004143DF /* BaseViewProtocol.swift */,
				095B237328AC39FC004143DF /* BaseViewDelegate.swift */,
				095B236528AC3858004143DF /* DetailViewProtocol.swift */,
				095B236928AC38C4004143DF /* FavoritesViewProtocol.swift */,
				095B236D28AC3939004143DF /* FavoritesButtonDelegate.swift */,
				095B237528AC3A16004143DF /* MainViewProtocol.swift */,
				090D8E6828AFB16400701EA9 /* LoadingButtonDelegate.swift */,
				090D8E6A28AFDF6900701EA9 /* AuthViewProtocol.swift */,
				090FEBA928B21E1800E527FB /* ProfileViewProtocol.swift */,
			);
			path = Views;
			sourceTree = "<group>";
		};
		095B237F28AC3BA0004143DF /* Presenters */ = {
			isa = PBXGroup;
			children = (
				095B237128AC39E2004143DF /* BaseViewPresenterProtocol.swift */,
				095B236728AC388B004143DF /* DetailViewPresenterProtocol.swift */,
				095B236B28AC38DD004143DF /* FavoritesViewPresenterProtocol.swift */,
				095B237728AC3A2B004143DF /* MainViewPresenterProtocol.swift */,
				095B237928AC3AA2004143DF /* SearchViewPresenterProtocol.swift */,
				092819CC28AE80FD00DB56DE /* AuthViewPresenterProtocol.swift */,
				090FEBA728B21D3B00E527FB /* ProfileViewPresenterProtocol.swift */,
			);
			path = Presenters;
			sourceTree = "<group>";
		};
		09794ECE289AEACD00E042E8 /* Application */ = {
			isa = PBXGroup;
			children = (
				09D16B00289961FB00F8AC0C /* Assets.xcassets */,
				09D16B02289961FB00F8AC0C /* LaunchScreen.storyboard */,
				09D16B05289961FB00F8AC0C /* Info.plist */,
			);
			path = Application;
			sourceTree = "<group>";
		};
		09794ECF289AFE0200E042E8 /* MainFlow */ = {
			isa = PBXGroup;
			children = (
				090B5B0428A298FF00E7190E /* Models */,
				09794ED3289AFE7F00E042E8 /* TabBar */,
				09794ED1289AFE6A00E042E8 /* MainModule */,
				09794ED0289AFE5E00E042E8 /* FavoriteModule */,
				09794ED2289AFE7500E042E8 /* ProfileModule */,
				09B50852289D8D4200DEFBA3 /* DetailModule */,
				090E47AD289D01AF00B7C173 /* SearchModule */,
			);
			path = MainFlow;
			sourceTree = "<group>";
		};
		09794ED0289AFE5E00E042E8 /* FavoriteModule */ = {
			isa = PBXGroup;
			children = (
				09FA473D28A2F3D30058558C /* Views */,
				09FA473E28A2F3E10058558C /* Presenter */,
			);
			path = FavoriteModule;
			sourceTree = "<group>";
		};
		09794ED1289AFE6A00E042E8 /* MainModule */ = {
			isa = PBXGroup;
			children = (
				090B5B0528A2991500E7190E /* Views */,
				090B5B0628A2994300E7190E /* Presenter */,
			);
			path = MainModule;
			sourceTree = "<group>";
		};
		09794ED2289AFE7500E042E8 /* ProfileModule */ = {
			isa = PBXGroup;
			children = (
				090FEBA528B21B5F00E527FB /* Views */,
				090FEBAD28B222DF00E527FB /* Presenter */,
			);
			path = ProfileModule;
			sourceTree = "<group>";
		};
		09794ED3289AFE7F00E042E8 /* TabBar */ = {
			isa = PBXGroup;
			children = (
				09794ED4289AFF0600E042E8 /* TabBarConfigurator.swift */,
				09794ED6289AFF5300E042E8 /* TabBarModel.swift */,
			);
			path = TabBar;
			sourceTree = "<group>";
		};
		09B50852289D8D4200DEFBA3 /* DetailModule */ = {
			isa = PBXGroup;
			children = (
				090B5B0C28A2B10500E7190E /* Views */,
				090B5B0D28A2B12100E7190E /* Presenter */,
			);
			path = DetailModule;
			sourceTree = "<group>";
		};
		09B50857289D8FCF00DEFBA3 /* TextCell */ = {
			isa = PBXGroup;
			children = (
				09B5085A289D901A00DEFBA3 /* DetailTextTableViewCell.swift */,
				09B5085B289D901A00DEFBA3 /* DetailTextTableViewCell.xib */,
			);
			path = TextCell;
			sourceTree = "<group>";
		};
		09B50858289D8FDB00DEFBA3 /* TitleCell */ = {
			isa = PBXGroup;
			children = (
				09B5085E289D90A000DEFBA3 /* DetailTitleTableViewCell.swift */,
				09B5085F289D90A000DEFBA3 /* DetailTitleTableViewCell.xib */,
			);
			path = TitleCell;
			sourceTree = "<group>";
		};
		09B50859289D8FF300DEFBA3 /* ImageCell */ = {
			isa = PBXGroup;
			children = (
				09B50862289D918A00DEFBA3 /* DetailImageTableViewCell.swift */,
				09B50863289D918A00DEFBA3 /* DetailImageTableViewCell.xib */,
			);
			path = ImageCell;
			sourceTree = "<group>";
		};
		09D16AEB289961F900F8AC0C = {
			isa = PBXGroup;
			children = (
				090E47AB289CFFFE00B7C173 /* .gitignore */,
				09D16AF6289961F900F8AC0C /* SurfSummerSchoolProject */,
				09D16AF5289961F900F8AC0C /* Products */,
			);
			sourceTree = "<group>";
		};
		09D16AF5289961F900F8AC0C /* Products */ = {
			isa = PBXGroup;
			children = (
				09D16AF4289961F900F8AC0C /* SurfSummerSchoolProject.app */,
			);
			name = Products;
			sourceTree = "<group>";
		};
		09D16AF6289961F900F8AC0C /* SurfSummerSchoolProject */ = {
			isa = PBXGroup;
			children = (
				09D16AF7289961F900F8AC0C /* AppDelegate.swift */,
				09FB6DE228A1770400946B44 /* Services */,
				09794ECE289AEACD00E042E8 /* Application */,
				09E4AC8128B7ABF8001FC62A /* SplashFlow */,
				092819C428AE6C7F00DB56DE /* AuthFlow */,
				09794ECF289AFE0200E042E8 /* MainFlow */,
				095B235028ABED67004143DF /* Library */,
				095B235428ABF481004143DF /* Resources */,
			);
			path = SurfSummerSchoolProject;
			sourceTree = "<group>";
		};
		09E3AC95289C5FAF00269388 /* Cells */ = {
			isa = PBXGroup;
			children = (
				09E3AC96289C5FF600269388 /* MainItemCollectionViewCell.swift */,
				09E3AC9A289C605E00269388 /* MainItemCollectionViewCell.xib */,
			);
			path = Cells;
			sourceTree = "<group>";
		};
		09E4AC8128B7ABF8001FC62A /* SplashFlow */ = {
			isa = PBXGroup;
			children = (
				09E4AC8228B7AC18001FC62A /* Views */,
				09E4AC8328B7AC20001FC62A /* Presenter */,
			);
			path = SplashFlow;
			sourceTree = "<group>";
		};
		09E4AC8228B7AC18001FC62A /* Views */ = {
			isa = PBXGroup;
			children = (
				09E4AC7928B75C73001FC62A /* SplashViewController.swift */,
				09E4AC7A28B75C73001FC62A /* SplashViewController.xib */,
			);
			path = Views;
			sourceTree = "<group>";
		};
		09E4AC8328B7AC20001FC62A /* Presenter */ = {
			isa = PBXGroup;
			children = (
				09E4AC7D28B78343001FC62A /* SplashPresenter.swift */,
			);
			path = Presenter;
			sourceTree = "<group>";
		};
		09ED661D28A028B200A9347C /* Cells */ = {
			isa = PBXGroup;
			children = (
				09ED661E28A028DB00A9347C /* FavoritesItemCollectionViewCell.swift */,
				09ED661F28A028DB00A9347C /* FavoritesItemCollectionViewCell.xib */,
			);
			path = Cells;
			sourceTree = "<group>";
		};
		09FA473D28A2F3D30058558C /* Views */ = {
			isa = PBXGroup;
			children = (
				09ED661D28A028B200A9347C /* Cells */,
				09794ED8289B003600E042E8 /* FavoritesViewController.swift */,
				09794ED9289B003600E042E8 /* FavoritesViewController.xib */,
			);
			path = Views;
			sourceTree = "<group>";
		};
		09FA473E28A2F3E10058558C /* Presenter */ = {
			isa = PBXGroup;
			children = (
				09FA473B28A2F3B80058558C /* FavoritesPresenter.swift */,
			);
			path = Presenter;
			sourceTree = "<group>";
		};
		09FA473F28A2F8E90058558C /* Favorites */ = {
			isa = PBXGroup;
			children = (
				09FA474028A2F9060058558C /* FavoritesService.swift */,
			);
			path = Favorites;
			sourceTree = "<group>";
		};
		09FB6DE228A1770400946B44 /* Services */ = {
			isa = PBXGroup;
			children = (
				09192B9D28B1536F00538D4B /* CoreData */,
				090B5B0928A2A5CA00E7190E /* Builders */,
				09FB6DF428A178CC00946B44 /* Storage */,
				09FB6DE328A1771600946B44 /* Networking */,
			);
			path = Services;
			sourceTree = "<group>";
		};
		09FB6DE328A1771600946B44 /* Networking */ = {
			isa = PBXGroup;
			children = (
				09FB6DED28A1781100946B44 /* AuthService */,
				09FB6DFB28A179DA00946B44 /* PicturesService */,
				09FB6E0028A17ACC00946B44 /* ImageLoader */,
				09FB6DE428A1771B00946B44 /* Core */,
			);
			path = Networking;
			sourceTree = "<group>";
		};
		09FB6DE428A1771B00946B44 /* Core */ = {
			isa = PBXGroup;
			children = (
				09FB6DE528A1774600946B44 /* BaseNetworkTask.swift */,
				09FB6DE728A1779D00946B44 /* EmptyModel.swift */,
				09FB6DE928A177B900946B44 /* NetworkMethod.swift */,
			);
			path = Core;
			sourceTree = "<group>";
		};
		09FB6DED28A1781100946B44 /* AuthService */ = {
			isa = PBXGroup;
			children = (
				09FB6DEE28A1782D00946B44 /* AuthRequestModel.swift */,
				09FB6DF028A1784D00946B44 /* AuthResponseModel.swift */,
				09FB6DF228A1786800946B44 /* AuthService.swift */,
			);
			path = AuthService;
			sourceTree = "<group>";
		};
		09FB6DF428A178CC00946B44 /* Storage */ = {
			isa = PBXGroup;
			children = (
				09FA473F28A2F8E90058558C /* Favorites */,
				09192B9928B13DE200538D4B /* UserCredentials */,
			);
			path = Storage;
			sourceTree = "<group>";
		};
		09FB6DFB28A179DA00946B44 /* PicturesService */ = {
			isa = PBXGroup;
			children = (
				09FB6DFC28A179FB00946B44 /* PictureResponseModel.swift */,
				09FB6DFE28A17A2D00946B44 /* PicturesService.swift */,
			);
			path = PicturesService;
			sourceTree = "<group>";
		};
		09FB6E0028A17ACC00946B44 /* ImageLoader */ = {
			isa = PBXGroup;
			children = (
				09FB6E0128A17AE100946B44 /* ImageLoader.swift */,
				09FB6E0328A17B2700946B44 /* UIImageView+ImageLoader.swift */,
			);
			path = ImageLoader;
			sourceTree = "<group>";
		};
/* End PBXGroup section */

/* Begin PBXNativeTarget section */
		09D16AF3289961F900F8AC0C /* SurfSummerSchoolProject */ = {
			isa = PBXNativeTarget;
			buildConfigurationList = 09D16B08289961FB00F8AC0C /* Build configuration list for PBXNativeTarget "SurfSummerSchoolProject" */;
			buildPhases = (
				09D16AF0289961F900F8AC0C /* Sources */,
				09D16AF1289961F900F8AC0C /* Frameworks */,
				09D16AF2289961F900F8AC0C /* Resources */,
			);
			buildRules = (
			);
			dependencies = (
			);
			name = SurfSummerSchoolProject;
			productName = SurfSummerSchoolProject;
			productReference = 09D16AF4289961F900F8AC0C /* SurfSummerSchoolProject.app */;
			productType = "com.apple.product-type.application";
		};
/* End PBXNativeTarget section */

/* Begin PBXProject section */
		09D16AEC289961F900F8AC0C /* Project object */ = {
			isa = PBXProject;
			attributes = {
				BuildIndependentTargetsInParallel = 1;
				LastSwiftUpdateCheck = 1310;
				LastUpgradeCheck = 1310;
				TargetAttributes = {
					09D16AF3289961F900F8AC0C = {
						CreatedOnToolsVersion = 13.1;
					};
				};
			};
			buildConfigurationList = 09D16AEF289961F900F8AC0C /* Build configuration list for PBXProject "SurfSummerSchoolProject" */;
			compatibilityVersion = "Xcode 13.0";
			developmentRegion = en;
			hasScannedForEncodings = 0;
			knownRegions = (
				en,
				Base,
			);
			mainGroup = 09D16AEB289961F900F8AC0C;
			productRefGroup = 09D16AF5289961F900F8AC0C /* Products */;
			projectDirPath = "";
			projectRoot = "";
			targets = (
				09D16AF3289961F900F8AC0C /* SurfSummerSchoolProject */,
			);
		};
/* End PBXProject section */

/* Begin PBXResourcesBuildPhase section */
		09D16AF2289961F900F8AC0C /* Resources */ = {
			isa = PBXResourcesBuildPhase;
			buildActionMask = 2147483647;
			files = (
				09D16B04289961FB00F8AC0C /* LaunchScreen.storyboard in Resources */,
				090D8E6728AF89AF00701EA9 /* PasswordTableViewCell.xib in Resources */,
				090E47AC289CFFFE00B7C173 /* .gitignore in Resources */,
				09E4AC7C28B75C73001FC62A /* SplashViewController.xib in Resources */,
				09B50861289D90A000DEFBA3 /* DetailTitleTableViewCell.xib in Resources */,
				090FEBB628B23C4700E527FB /* UserDetailTableViewCell.xib in Resources */,
				09D16B01289961FB00F8AC0C /* Assets.xcassets in Resources */,
				090D8E6328AF716F00701EA9 /* LoginTableViewCell.xib in Resources */,
				09B5085D289D901A00DEFBA3 /* DetailTextTableViewCell.xib in Resources */,
				09E3AC9B289C605E00269388 /* MainItemCollectionViewCell.xib in Resources */,
				09B50856289D8D5E00DEFBA3 /* DetailViewController.xib in Resources */,
				09794EE3289B03F200E042E8 /* MainViewController.xib in Resources */,
				090FEBB128B22C6600E527FB /* HeaderTableViewCell.xib in Resources */,
				09794EDF289B034E00E042E8 /* ProfileViewController.xib in Resources */,
				090E47B1289D01C700B7C173 /* SearchViewController.xib in Resources */,
				092819C228AE6C6A00DB56DE /* AuthViewController.xib in Resources */,
				092819E128AEB66A00DB56DE /* ButtonTableViewCell.xib in Resources */,
				09B50865289D918A00DEFBA3 /* DetailImageTableViewCell.xib in Resources */,
				09794EDB289B003600E042E8 /* FavoritesViewController.xib in Resources */,
				09ED662128A028DC00A9347C /* FavoritesItemCollectionViewCell.xib in Resources */,
			);
			runOnlyForDeploymentPostprocessing = 0;
		};
/* End PBXResourcesBuildPhase section */

/* Begin PBXSourcesBuildPhase section */
		09D16AF0289961F900F8AC0C /* Sources */ = {
			isa = PBXSourcesBuildPhase;
			buildActionMask = 2147483647;
			files = (
				090D8E7028B0084800701EA9 /* LoadingButton.swift in Sources */,
				09FA474128A2F9060058558C /* FavoritesService.swift in Sources */,
				09B50855289D8D5E00DEFBA3 /* DetailViewController.swift in Sources */,
				095B237228AC39E2004143DF /* BaseViewPresenterProtocol.swift in Sources */,
				092819C728AE72F500DB56DE /* UserInfoModel.swift in Sources */,
				09762BEB28AA34CB008F19FE /* ItemsListAdapter.swift in Sources */,
				09794ED7289AFF5300E042E8 /* TabBarModel.swift in Sources */,
				090FEBAC28B222DB00E527FB /* ProfilePresenter.swift in Sources */,
				09FB6E0428A17B2700946B44 /* UIImageView+ImageLoader.swift in Sources */,
				090D8E5F28AF711A00701EA9 /* FloatingTextField.swift in Sources */,
				090FEBA828B21D3B00E527FB /* ProfileViewPresenterProtocol.swift in Sources */,
				095B236128AC3586004143DF /* UICollectionViewCell.swift in Sources */,
				09FB6DE828A1779D00946B44 /* EmptyModel.swift in Sources */,
				095B235F28AC11C8004143DF /* UITableView.swift in Sources */,
				090FEBAA28B21E1800E527FB /* ProfileViewProtocol.swift in Sources */,
				090FEBB028B22C6600E527FB /* HeaderTableViewCell.swift in Sources */,
				092819C128AE6C6A00DB56DE /* AuthViewController.swift in Sources */,
				09794ED5289AFF0600E042E8 /* TabBarConfigurator.swift in Sources */,
				09B5085C289D901A00DEFBA3 /* DetailTextTableViewCell.swift in Sources */,
				095B235728ABF4CE004143DF /* Image.swift in Sources */,
				09FB6DFF28A17A2D00946B44 /* PicturesService.swift in Sources */,
				095B235C28AC1036004143DF /* Constants.swift in Sources */,
				094FBB3628AD7564003DACC0 /* ErrorStateAlert.swift in Sources */,
				095B236328AC3730004143DF /* Builder.swift in Sources */,
				09FA473C28A2F3B80058558C /* FavoritesPresenter.swift in Sources */,
				090D8E6B28AFDF6900701EA9 /* AuthViewProtocol.swift in Sources */,
				090D8E6228AF716F00701EA9 /* LoginTableViewCell.swift in Sources */,
				09FB6DF328A1786800946B44 /* AuthService.swift in Sources */,
				09FB6DEF28A1782D00946B44 /* AuthRequestModel.swift in Sources */,
				092819CA28AE750600DB56DE /* AuthPresenter.swift in Sources */,
				095B236C28AC38DD004143DF /* FavoritesViewPresenterProtocol.swift in Sources */,
				09ED662028A028DC00A9347C /* FavoritesItemCollectionViewCell.swift in Sources */,
				090B5B1428A2C19500E7190E /* SearchPresenter.swift in Sources */,
				095B234D28ABA3CD004143DF /* FavoritesListAdapter.swift in Sources */,
				095B236828AC388B004143DF /* DetailViewPresenterProtocol.swift in Sources */,
				095B236628AC3858004143DF /* DetailViewProtocol.swift in Sources */,
				09794EDE289B034E00E042E8 /* ProfileViewController.swift in Sources */,
				09192B9C28B1520200538D4B /* Users.xcdatamodeld in Sources */,
				095B234F28ABEC68004143DF /* Color.swift in Sources */,
				09FB6DEC28A177D800946B44 /* NetworkTask.swift in Sources */,
				09FB6DF828A1792800946B44 /* TokenContainer.swift in Sources */,
				090B5B0B28A2A5E500E7190E /* ModuleBuilder.swift in Sources */,
				094FBB3828AD82E4003DACC0 /* UIViewController.swift in Sources */,
				090FEBB528B23C4700E527FB /* UserDetailTableViewCell.swift in Sources */,
				095B236E28AC3939004143DF /* FavoritesButtonDelegate.swift in Sources */,
				09E4AC7B28B75C73001FC62A /* SplashViewController.swift in Sources */,
				09FB6E0228A17AE100946B44 /* ImageLoader.swift in Sources */,
				09E4AC7E28B78343001FC62A /* SplashPresenter.swift in Sources */,
				090D8E7228B0204F00701EA9 /* Coordinator.swift in Sources */,
				09FB6DF128A1784D00946B44 /* AuthResponseModel.swift in Sources */,
				09FB6DEA28A177B900946B44 /* NetworkMethod.swift in Sources */,
				095B237428AC39FC004143DF /* BaseViewDelegate.swift in Sources */,
				090E47B0289D01C700B7C173 /* SearchViewController.swift in Sources */,
				095B237828AC3A2B004143DF /* MainViewPresenterProtocol.swift in Sources */,
				09FB6DE628A1774600946B44 /* BaseNetworkTask.swift in Sources */,
				095B237628AC3A16004143DF /* MainViewProtocol.swift in Sources */,
				090D8E6628AF89AF00701EA9 /* PasswordTableViewCell.swift in Sources */,
				09C127FC28A940FB00455BE8 /* DataStore.swift in Sources */,
				092819CD28AE80FD00DB56DE /* AuthViewPresenterProtocol.swift in Sources */,
				09B50860289D90A000DEFBA3 /* DetailTitleTableViewCell.swift in Sources */,
				09B50851289D8C3200DEFBA3 /* DetailItemModel.swift in Sources */,
				09192B9628B1290100538D4B /* UserCredentials.swift in Sources */,
				095B236A28AC38C4004143DF /* FavoritesViewProtocol.swift in Sources */,
				095B237A28AC3AA2004143DF /* SearchViewPresenterProtocol.swift in Sources */,
				09E3AC98289C5FF600269388 /* MainItemCollectionViewCell.swift in Sources */,
				09B50864289D918A00DEFBA3 /* DetailImageTableViewCell.swift in Sources */,
				090B5B0828A2997E00E7190E /* MainPresenter.swift in Sources */,
				090B5B0F28A2B13900E7190E /* DetailPresenter.swift in Sources */,
				09794EE2289B03F200E042E8 /* MainViewController.swift in Sources */,
				09192B9828B12D2400538D4B /* UserCredentialsManager.swift in Sources */,
				090D8E6D28AFE22600701EA9 /* Validator.swift in Sources */,
				09FB6DFD28A179FB00946B44 /* PictureResponseModel.swift in Sources */,
				09794EDA289B003600E042E8 /* FavoritesViewController.swift in Sources */,
				09192B9F28B1538C00538D4B /* CoreDataManager.swift in Sources */,
				095B235A28AC0E59004143DF /* UICollectionView.swift in Sources */,
				090D8E6928AFB16400701EA9 /* LoadingButtonDelegate.swift in Sources */,
				09D16AF8289961F900F8AC0C /* AppDelegate.swift in Sources */,
				095B237028AC39B1004143DF /* BaseViewProtocol.swift in Sources */,
				092819E028AEB66A00DB56DE /* ButtonTableViewCell.swift in Sources */,
			);
			runOnlyForDeploymentPostprocessing = 0;
		};
/* End PBXSourcesBuildPhase section */

/* Begin PBXVariantGroup section */
		09D16B02289961FB00F8AC0C /* LaunchScreen.storyboard */ = {
			isa = PBXVariantGroup;
			children = (
				09D16B03289961FB00F8AC0C /* Base */,
			);
			name = LaunchScreen.storyboard;
			sourceTree = "<group>";
		};
/* End PBXVariantGroup section */

/* Begin XCBuildConfiguration section */
		09D16B06289961FB00F8AC0C /* Debug */ = {
			isa = XCBuildConfiguration;
			buildSettings = {
				ALWAYS_SEARCH_USER_PATHS = NO;
				CLANG_ANALYZER_NONNULL = YES;
				CLANG_ANALYZER_NUMBER_OBJECT_CONVERSION = YES_AGGRESSIVE;
				CLANG_CXX_LANGUAGE_STANDARD = "gnu++17";
				CLANG_CXX_LIBRARY = "libc++";
				CLANG_ENABLE_MODULES = YES;
				CLANG_ENABLE_OBJC_ARC = YES;
				CLANG_ENABLE_OBJC_WEAK = YES;
				CLANG_WARN_BLOCK_CAPTURE_AUTORELEASING = YES;
				CLANG_WARN_BOOL_CONVERSION = YES;
				CLANG_WARN_COMMA = YES;
				CLANG_WARN_CONSTANT_CONVERSION = YES;
				CLANG_WARN_DEPRECATED_OBJC_IMPLEMENTATIONS = YES;
				CLANG_WARN_DIRECT_OBJC_ISA_USAGE = YES_ERROR;
				CLANG_WARN_DOCUMENTATION_COMMENTS = YES;
				CLANG_WARN_EMPTY_BODY = YES;
				CLANG_WARN_ENUM_CONVERSION = YES;
				CLANG_WARN_INFINITE_RECURSION = YES;
				CLANG_WARN_INT_CONVERSION = YES;
				CLANG_WARN_NON_LITERAL_NULL_CONVERSION = YES;
				CLANG_WARN_OBJC_IMPLICIT_RETAIN_SELF = YES;
				CLANG_WARN_OBJC_LITERAL_CONVERSION = YES;
				CLANG_WARN_OBJC_ROOT_CLASS = YES_ERROR;
				CLANG_WARN_QUOTED_INCLUDE_IN_FRAMEWORK_HEADER = YES;
				CLANG_WARN_RANGE_LOOP_ANALYSIS = YES;
				CLANG_WARN_STRICT_PROTOTYPES = YES;
				CLANG_WARN_SUSPICIOUS_MOVE = YES;
				CLANG_WARN_UNGUARDED_AVAILABILITY = YES_AGGRESSIVE;
				CLANG_WARN_UNREACHABLE_CODE = YES;
				CLANG_WARN__DUPLICATE_METHOD_MATCH = YES;
				COPY_PHASE_STRIP = NO;
				DEBUG_INFORMATION_FORMAT = dwarf;
				ENABLE_STRICT_OBJC_MSGSEND = YES;
				ENABLE_TESTABILITY = YES;
				GCC_C_LANGUAGE_STANDARD = gnu11;
				GCC_DYNAMIC_NO_PIC = NO;
				GCC_NO_COMMON_BLOCKS = YES;
				GCC_OPTIMIZATION_LEVEL = 0;
				GCC_PREPROCESSOR_DEFINITIONS = (
					"DEBUG=1",
					"$(inherited)",
				);
				GCC_WARN_64_TO_32_BIT_CONVERSION = YES;
				GCC_WARN_ABOUT_RETURN_TYPE = YES_ERROR;
				GCC_WARN_UNDECLARED_SELECTOR = YES;
				GCC_WARN_UNINITIALIZED_AUTOS = YES_AGGRESSIVE;
				GCC_WARN_UNUSED_FUNCTION = YES;
				GCC_WARN_UNUSED_VARIABLE = YES;
				IPHONEOS_DEPLOYMENT_TARGET = 13.0;
				MTL_ENABLE_DEBUG_INFO = INCLUDE_SOURCE;
				MTL_FAST_MATH = YES;
				ONLY_ACTIVE_ARCH = YES;
				SDKROOT = iphoneos;
				SWIFT_ACTIVE_COMPILATION_CONDITIONS = DEBUG;
				SWIFT_OPTIMIZATION_LEVEL = "-Onone";
			};
			name = Debug;
		};
		09D16B07289961FB00F8AC0C /* Release */ = {
			isa = XCBuildConfiguration;
			buildSettings = {
				ALWAYS_SEARCH_USER_PATHS = NO;
				CLANG_ANALYZER_NONNULL = YES;
				CLANG_ANALYZER_NUMBER_OBJECT_CONVERSION = YES_AGGRESSIVE;
				CLANG_CXX_LANGUAGE_STANDARD = "gnu++17";
				CLANG_CXX_LIBRARY = "libc++";
				CLANG_ENABLE_MODULES = YES;
				CLANG_ENABLE_OBJC_ARC = YES;
				CLANG_ENABLE_OBJC_WEAK = YES;
				CLANG_WARN_BLOCK_CAPTURE_AUTORELEASING = YES;
				CLANG_WARN_BOOL_CONVERSION = YES;
				CLANG_WARN_COMMA = YES;
				CLANG_WARN_CONSTANT_CONVERSION = YES;
				CLANG_WARN_DEPRECATED_OBJC_IMPLEMENTATIONS = YES;
				CLANG_WARN_DIRECT_OBJC_ISA_USAGE = YES_ERROR;
				CLANG_WARN_DOCUMENTATION_COMMENTS = YES;
				CLANG_WARN_EMPTY_BODY = YES;
				CLANG_WARN_ENUM_CONVERSION = YES;
				CLANG_WARN_INFINITE_RECURSION = YES;
				CLANG_WARN_INT_CONVERSION = YES;
				CLANG_WARN_NON_LITERAL_NULL_CONVERSION = YES;
				CLANG_WARN_OBJC_IMPLICIT_RETAIN_SELF = YES;
				CLANG_WARN_OBJC_LITERAL_CONVERSION = YES;
				CLANG_WARN_OBJC_ROOT_CLASS = YES_ERROR;
				CLANG_WARN_QUOTED_INCLUDE_IN_FRAMEWORK_HEADER = YES;
				CLANG_WARN_RANGE_LOOP_ANALYSIS = YES;
				CLANG_WARN_STRICT_PROTOTYPES = YES;
				CLANG_WARN_SUSPICIOUS_MOVE = YES;
				CLANG_WARN_UNGUARDED_AVAILABILITY = YES_AGGRESSIVE;
				CLANG_WARN_UNREACHABLE_CODE = YES;
				CLANG_WARN__DUPLICATE_METHOD_MATCH = YES;
				COPY_PHASE_STRIP = NO;
				DEBUG_INFORMATION_FORMAT = "dwarf-with-dsym";
				ENABLE_NS_ASSERTIONS = NO;
				ENABLE_STRICT_OBJC_MSGSEND = YES;
				GCC_C_LANGUAGE_STANDARD = gnu11;
				GCC_NO_COMMON_BLOCKS = YES;
				GCC_WARN_64_TO_32_BIT_CONVERSION = YES;
				GCC_WARN_ABOUT_RETURN_TYPE = YES_ERROR;
				GCC_WARN_UNDECLARED_SELECTOR = YES;
				GCC_WARN_UNINITIALIZED_AUTOS = YES_AGGRESSIVE;
				GCC_WARN_UNUSED_FUNCTION = YES;
				GCC_WARN_UNUSED_VARIABLE = YES;
				IPHONEOS_DEPLOYMENT_TARGET = 13.0;
				MTL_ENABLE_DEBUG_INFO = NO;
				MTL_FAST_MATH = YES;
				SDKROOT = iphoneos;
				SWIFT_COMPILATION_MODE = wholemodule;
				SWIFT_OPTIMIZATION_LEVEL = "-O";
				VALIDATE_PRODUCT = YES;
			};
			name = Release;
		};
		09D16B09289961FB00F8AC0C /* Debug */ = {
			isa = XCBuildConfiguration;
			buildSettings = {
				ASSETCATALOG_COMPILER_APPICON_NAME = AppIcon;
				ASSETCATALOG_COMPILER_GLOBAL_ACCENT_COLOR_NAME = AccentColor;
				CODE_SIGN_IDENTITY = "Apple Development";
				CODE_SIGN_STYLE = Automatic;
				CURRENT_PROJECT_VERSION = 1;
				DEVELOPMENT_TEAM = "";
				GENERATE_INFOPLIST_FILE = YES;
				INFOPLIST_FILE = SurfSummerSchoolProject/Application/Info.plist;
				INFOPLIST_KEY_UIApplicationSupportsIndirectInputEvents = YES;
				INFOPLIST_KEY_UILaunchStoryboardName = LaunchScreen;
				INFOPLIST_KEY_UISupportedInterfaceOrientations = "";
				INFOPLIST_KEY_UISupportedInterfaceOrientations_iPad = "UIInterfaceOrientationPortrait UIInterfaceOrientationPortraitUpsideDown UIInterfaceOrientationLandscapeLeft UIInterfaceOrientationLandscapeRight";
				INFOPLIST_KEY_UISupportedInterfaceOrientations_iPhone = "UIInterfaceOrientationPortrait UIInterfaceOrientationLandscapeLeft UIInterfaceOrientationLandscapeRight";
				IPHONEOS_DEPLOYMENT_TARGET = 13.0;
				LD_RUNPATH_SEARCH_PATHS = (
					"$(inherited)",
					"@executable_path/Frameworks",
				);
				MARKETING_VERSION = 1.0;
				PRODUCT_BUNDLE_IDENTIFIER = AdmiralBizon.SurfSummerSchoolProject;
				PRODUCT_NAME = "$(TARGET_NAME)";
				PROVISIONING_PROFILE_SPECIFIER = "";
				SWIFT_EMIT_LOC_STRINGS = YES;
				SWIFT_VERSION = 5.0;
				TARGETED_DEVICE_FAMILY = "1,2";
			};
			name = Debug;
		};
		09D16B0A289961FB00F8AC0C /* Release */ = {
			isa = XCBuildConfiguration;
			buildSettings = {
				ASSETCATALOG_COMPILER_APPICON_NAME = AppIcon;
				ASSETCATALOG_COMPILER_GLOBAL_ACCENT_COLOR_NAME = AccentColor;
				CODE_SIGN_IDENTITY = "Apple Development";
				CODE_SIGN_STYLE = Automatic;
				CURRENT_PROJECT_VERSION = 1;
				DEVELOPMENT_TEAM = "";
				GENERATE_INFOPLIST_FILE = YES;
				INFOPLIST_FILE = SurfSummerSchoolProject/Application/Info.plist;
				INFOPLIST_KEY_UIApplicationSupportsIndirectInputEvents = YES;
				INFOPLIST_KEY_UILaunchStoryboardName = LaunchScreen;
				INFOPLIST_KEY_UISupportedInterfaceOrientations = "";
				INFOPLIST_KEY_UISupportedInterfaceOrientations_iPad = "UIInterfaceOrientationPortrait UIInterfaceOrientationPortraitUpsideDown UIInterfaceOrientationLandscapeLeft UIInterfaceOrientationLandscapeRight";
				INFOPLIST_KEY_UISupportedInterfaceOrientations_iPhone = "UIInterfaceOrientationPortrait UIInterfaceOrientationLandscapeLeft UIInterfaceOrientationLandscapeRight";
				IPHONEOS_DEPLOYMENT_TARGET = 13.0;
				LD_RUNPATH_SEARCH_PATHS = (
					"$(inherited)",
					"@executable_path/Frameworks",
				);
				MARKETING_VERSION = 1.0;
				PRODUCT_BUNDLE_IDENTIFIER = AdmiralBizon.SurfSummerSchoolProject;
				PRODUCT_NAME = "$(TARGET_NAME)";
				PROVISIONING_PROFILE_SPECIFIER = "";
				SWIFT_EMIT_LOC_STRINGS = YES;
				SWIFT_VERSION = 5.0;
				TARGETED_DEVICE_FAMILY = "1,2";
			};
			name = Release;
		};
/* End XCBuildConfiguration section */

/* Begin XCConfigurationList section */
		09D16AEF289961F900F8AC0C /* Build configuration list for PBXProject "SurfSummerSchoolProject" */ = {
			isa = XCConfigurationList;
			buildConfigurations = (
				09D16B06289961FB00F8AC0C /* Debug */,
				09D16B07289961FB00F8AC0C /* Release */,
			);
			defaultConfigurationIsVisible = 0;
			defaultConfigurationName = Release;
		};
		09D16B08289961FB00F8AC0C /* Build configuration list for PBXNativeTarget "SurfSummerSchoolProject" */ = {
			isa = XCConfigurationList;
			buildConfigurations = (
				09D16B09289961FB00F8AC0C /* Debug */,
				09D16B0A289961FB00F8AC0C /* Release */,
			);
			defaultConfigurationIsVisible = 0;
			defaultConfigurationName = Release;
		};
/* End XCConfigurationList section */

/* Begin XCVersionGroup section */
		09192B9A28B1520200538D4B /* Users.xcdatamodeld */ = {
			isa = XCVersionGroup;
			children = (
				09192B9B28B1520200538D4B /* Users.xcdatamodel */,
			);
			currentVersion = 09192B9B28B1520200538D4B /* Users.xcdatamodel */;
			path = Users.xcdatamodeld;
			sourceTree = "<group>";
			versionGroupType = wrapper.xcdatamodel;
		};
/* End XCVersionGroup section */
	};
	rootObject = 09D16AEC289961F900F8AC0C /* Project object */;
}
